// !$*UTF8*$!
{
	archiveVersion = 1;
	classes = {
	};
	objectVersion = 56;
	objects = {

/* Begin PBXBuildFile section */
		7809C079298F017D00243683 /* AppEntry.swift in Sources */ = {isa = PBXBuildFile; fileRef = 7809C078298F017D00243683 /* AppEntry.swift */; };
		7809C07B298F017D00243683 /* MyImagesGridView.swift in Sources */ = {isa = PBXBuildFile; fileRef = 7809C07A298F017D00243683 /* MyImagesGridView.swift */; };
		7809C07D298F017E00243683 /* Assets.xcassets in Resources */ = {isa = PBXBuildFile; fileRef = 7809C07C298F017E00243683 /* Assets.xcassets */; };
		7809C080298F017E00243683 /* Preview Assets.xcassets in Resources */ = {isa = PBXBuildFile; fileRef = 7809C07F298F017E00243683 /* Preview Assets.xcassets */; };
		7809C089298F02E500243683 /* MyImagesDataModel.xcdatamodeld in Sources */ = {isa = PBXBuildFile; fileRef = 7809C087298F02E500243683 /* MyImagesDataModel.xcdatamodeld */; };
		7809C08B298F037400243683 /* MyImagesContainer.swift in Sources */ = {isa = PBXBuildFile; fileRef = 7809C08A298F037400243683 /* MyImagesContainer.swift */; };
		7809C08D298F055700243683 /* MyImage+Extension.swift in Sources */ = {isa = PBXBuildFile; fileRef = 7809C08C298F055700243683 /* MyImage+Extension.swift */; };
		7809C08F298F08A100243683 /* ImagePicker.swift in Sources */ = {isa = PBXBuildFile; fileRef = 7809C08E298F08A100243683 /* ImagePicker.swift */; };
		7809C092298F0CC200243683 /* FormViewModel.swift in Sources */ = {isa = PBXBuildFile; fileRef = 7809C091298F0CC200243683 /* FormViewModel.swift */; };
		7809C094298F0E7600243683 /* ImageFormView.swift in Sources */ = {isa = PBXBuildFile; fileRef = 7809C093298F0E7600243683 /* ImageFormView.swift */; };
		7809C096298F13FD00243683 /* FormType.swift in Sources */ = {isa = PBXBuildFile; fileRef = 7809C095298F13FD00243683 /* FormType.swift */; };
		7809C098298F158F00243683 /* FileManager+Extension.swift in Sources */ = {isa = PBXBuildFile; fileRef = 7809C097298F158F00243683 /* FileManager+Extension.swift */; };
		78CBB764299142D900245AB9 /* ShareService.swift in Sources */ = {isa = PBXBuildFile; fileRef = 78CBB763299142D900245AB9 /* ShareService.swift */; };
		78CBB7672991501000245AB9 /* icon-doc.png in Resources */ = {isa = PBXBuildFile; fileRef = 78CBB7662991501000245AB9 /* icon-doc.png */; };
		78CBB76A29919C1B00245AB9 /* ZIPFoundation in Frameworks */ = {isa = PBXBuildFile; productRef = 78CBB76929919C1B00245AB9 /* ZIPFoundation */; };
		78CBB76D29943FD500245AB9 /* EmailForm.swift in Sources */ = {isa = PBXBuildFile; fileRef = 78CBB76C29943FD500245AB9 /* EmailForm.swift */; };
		78CBB76F2994419000245AB9 /* MailView.swift in Sources */ = {isa = PBXBuildFile; fileRef = 78CBB76E2994419000245AB9 /* MailView.swift */; };
/* End PBXBuildFile section */

/* Begin PBXFileReference section */
		7809C075298F017D00243683 /* MyImageCoreData.app */ = {isa = PBXFileReference; explicitFileType = wrapper.application; includeInIndex = 0; path = MyImageCoreData.app; sourceTree = BUILT_PRODUCTS_DIR; };
		7809C078298F017D00243683 /* AppEntry.swift */ = {isa = PBXFileReference; lastKnownFileType = sourcecode.swift; path = AppEntry.swift; sourceTree = "<group>"; };
		7809C07A298F017D00243683 /* MyImagesGridView.swift */ = {isa = PBXFileReference; lastKnownFileType = sourcecode.swift; path = MyImagesGridView.swift; sourceTree = "<group>"; };
		7809C07C298F017E00243683 /* Assets.xcassets */ = {isa = PBXFileReference; lastKnownFileType = folder.assetcatalog; path = Assets.xcassets; sourceTree = "<group>"; };
		7809C07F298F017E00243683 /* Preview Assets.xcassets */ = {isa = PBXFileReference; lastKnownFileType = folder.assetcatalog; path = "Preview Assets.xcassets"; sourceTree = "<group>"; };
		7809C088298F02E500243683 /* MyImagesDataModel.xcdatamodel */ = {isa = PBXFileReference; lastKnownFileType = wrapper.xcdatamodel; path = MyImagesDataModel.xcdatamodel; sourceTree = "<group>"; };
		7809C08A298F037400243683 /* MyImagesContainer.swift */ = {isa = PBXFileReference; lastKnownFileType = sourcecode.swift; path = MyImagesContainer.swift; sourceTree = "<group>"; };
		7809C08C298F055700243683 /* MyImage+Extension.swift */ = {isa = PBXFileReference; lastKnownFileType = sourcecode.swift; path = "MyImage+Extension.swift"; sourceTree = "<group>"; };
		7809C08E298F08A100243683 /* ImagePicker.swift */ = {isa = PBXFileReference; lastKnownFileType = sourcecode.swift; path = ImagePicker.swift; sourceTree = "<group>"; };
		7809C091298F0CC200243683 /* FormViewModel.swift */ = {isa = PBXFileReference; lastKnownFileType = sourcecode.swift; path = FormViewModel.swift; sourceTree = "<group>"; };
		7809C093298F0E7600243683 /* ImageFormView.swift */ = {isa = PBXFileReference; lastKnownFileType = sourcecode.swift; path = ImageFormView.swift; sourceTree = "<group>"; };
		7809C095298F13FD00243683 /* FormType.swift */ = {isa = PBXFileReference; lastKnownFileType = sourcecode.swift; path = FormType.swift; sourceTree = "<group>"; };
		7809C097298F158F00243683 /* FileManager+Extension.swift */ = {isa = PBXFileReference; lastKnownFileType = sourcecode.swift; path = "FileManager+Extension.swift"; sourceTree = "<group>"; };
		78CBB763299142D900245AB9 /* ShareService.swift */ = {isa = PBXFileReference; lastKnownFileType = sourcecode.swift; path = ShareService.swift; sourceTree = "<group>"; };
		78CBB76529914DA600245AB9 /* Info.plist */ = {isa = PBXFileReference; lastKnownFileType = text.plist; path = Info.plist; sourceTree = "<group>"; };
		78CBB7662991501000245AB9 /* icon-doc.png */ = {isa = PBXFileReference; lastKnownFileType = image.png; path = "icon-doc.png"; sourceTree = "<group>"; };
		78CBB76C29943FD500245AB9 /* EmailForm.swift */ = {isa = PBXFileReference; lastKnownFileType = sourcecode.swift; path = EmailForm.swift; sourceTree = "<group>"; };
		78CBB76E2994419000245AB9 /* MailView.swift */ = {isa = PBXFileReference; lastKnownFileType = sourcecode.swift; path = MailView.swift; sourceTree = "<group>"; };
/* End PBXFileReference section */

/* Begin PBXFrameworksBuildPhase section */
		7809C072298F017D00243683 /* Frameworks */ = {
			isa = PBXFrameworksBuildPhase;
			buildActionMask = 2147483647;
			files = (
				78CBB76A29919C1B00245AB9 /* ZIPFoundation in Frameworks */,
			);
			runOnlyForDeploymentPostprocessing = 0;
		};
/* End PBXFrameworksBuildPhase section */

/* Begin PBXGroup section */
		7809C06C298F017D00243683 = {
			isa = PBXGroup;
			children = (
				7809C077298F017D00243683 /* MyImageCoreData */,
				7809C076298F017D00243683 /* Products */,
			);
			sourceTree = "<group>";
		};
		7809C076298F017D00243683 /* Products */ = {
			isa = PBXGroup;
			children = (
				7809C075298F017D00243683 /* MyImageCoreData.app */,
			);
			name = Products;
			sourceTree = "<group>";
		};
		7809C077298F017D00243683 /* MyImageCoreData */ = {
			isa = PBXGroup;
			children = (
				78CBB76529914DA600245AB9 /* Info.plist */,
				7809C078298F017D00243683 /* AppEntry.swift */,
				7809C07A298F017D00243683 /* MyImagesGridView.swift */,
				7809C08E298F08A100243683 /* ImagePicker.swift */,
				7809C097298F158F00243683 /* FileManager+Extension.swift */,
				78CBB763299142D900245AB9 /* ShareService.swift */,
				78CBB76B29943FBA00245AB9 /* Mail */,
				7809C090298F0CAB00243683 /* Form */,
				7809C086298F028600243683 /* CoreData */,
				7809C07C298F017E00243683 /* Assets.xcassets */,
				78CBB7662991501000245AB9 /* icon-doc.png */,
				7809C07E298F017E00243683 /* Preview Content */,
			);
			path = MyImageCoreData;
			sourceTree = "<group>";
		};
		7809C07E298F017E00243683 /* Preview Content */ = {
			isa = PBXGroup;
			children = (
				7809C07F298F017E00243683 /* Preview Assets.xcassets */,
			);
			path = "Preview Content";
			sourceTree = "<group>";
		};
		7809C086298F028600243683 /* CoreData */ = {
			isa = PBXGroup;
			children = (
				7809C087298F02E500243683 /* MyImagesDataModel.xcdatamodeld */,
				7809C08A298F037400243683 /* MyImagesContainer.swift */,
				7809C08C298F055700243683 /* MyImage+Extension.swift */,
			);
			path = CoreData;
			sourceTree = "<group>";
		};
		7809C090298F0CAB00243683 /* Form */ = {
			isa = PBXGroup;
			children = (
				7809C091298F0CC200243683 /* FormViewModel.swift */,
				7809C093298F0E7600243683 /* ImageFormView.swift */,
				7809C095298F13FD00243683 /* FormType.swift */,
			);
			path = Form;
			sourceTree = "<group>";
		};
		78CBB76B29943FBA00245AB9 /* Mail */ = {
			isa = PBXGroup;
			children = (
				78CBB76C29943FD500245AB9 /* EmailForm.swift */,
				78CBB76E2994419000245AB9 /* MailView.swift */,
			);
			path = Mail;
			sourceTree = "<group>";
		};
/* End PBXGroup section */

/* Begin PBXNativeTarget section */
		7809C074298F017D00243683 /* MyImageCoreData */ = {
			isa = PBXNativeTarget;
			buildConfigurationList = 7809C083298F017E00243683 /* Build configuration list for PBXNativeTarget "MyImageCoreData" */;
			buildPhases = (
				7809C071298F017D00243683 /* Sources */,
				7809C072298F017D00243683 /* Frameworks */,
				7809C073298F017D00243683 /* Resources */,
			);
			buildRules = (
			);
			dependencies = (
			);
			name = MyImageCoreData;
			packageProductDependencies = (
				78CBB76929919C1B00245AB9 /* ZIPFoundation */,
			);
			productName = MyImageCoreData;
			productReference = 7809C075298F017D00243683 /* MyImageCoreData.app */;
			productType = "com.apple.product-type.application";
		};
/* End PBXNativeTarget section */

/* Begin PBXProject section */
		7809C06D298F017D00243683 /* Project object */ = {
			isa = PBXProject;
			attributes = {
				BuildIndependentTargetsInParallel = 1;
				LastSwiftUpdateCheck = 1420;
				LastUpgradeCheck = 1420;
				TargetAttributes = {
					7809C074298F017D00243683 = {
						CreatedOnToolsVersion = 14.2;
					};
				};
			};
			buildConfigurationList = 7809C070298F017D00243683 /* Build configuration list for PBXProject "MyImageCoreData" */;
			compatibilityVersion = "Xcode 14.0";
			developmentRegion = en;
			hasScannedForEncodings = 0;
			knownRegions = (
				en,
				Base,
			);
			mainGroup = 7809C06C298F017D00243683;
			packageReferences = (
				78CBB76829919C1B00245AB9 /* XCRemoteSwiftPackageReference "ZIPFoundation" */,
			);
			productRefGroup = 7809C076298F017D00243683 /* Products */;
			projectDirPath = "";
			projectRoot = "";
			targets = (
				7809C074298F017D00243683 /* MyImageCoreData */,
			);
		};
/* End PBXProject section */

/* Begin PBXResourcesBuildPhase section */
		7809C073298F017D00243683 /* Resources */ = {
			isa = PBXResourcesBuildPhase;
			buildActionMask = 2147483647;
			files = (
				7809C080298F017E00243683 /* Preview Assets.xcassets in Resources */,
				7809C07D298F017E00243683 /* Assets.xcassets in Resources */,
				78CBB7672991501000245AB9 /* icon-doc.png in Resources */,
			);
			runOnlyForDeploymentPostprocessing = 0;
		};
/* End PBXResourcesBuildPhase section */

/* Begin PBXSourcesBuildPhase section */
		7809C071298F017D00243683 /* Sources */ = {
			isa = PBXSourcesBuildPhase;
			buildActionMask = 2147483647;
			files = (
				7809C094298F0E7600243683 /* ImageFormView.swift in Sources */,
				7809C098298F158F00243683 /* FileManager+Extension.swift in Sources */,
				78CBB764299142D900245AB9 /* ShareService.swift in Sources */,
				7809C07B298F017D00243683 /* MyImagesGridView.swift in Sources */,
				7809C08B298F037400243683 /* MyImagesContainer.swift in Sources */,
				7809C089298F02E500243683 /* MyImagesDataModel.xcdatamodeld in Sources */,
				78CBB76D29943FD500245AB9 /* EmailForm.swift in Sources */,
				7809C096298F13FD00243683 /* FormType.swift in Sources */,
				7809C08F298F08A100243683 /* ImagePicker.swift in Sources */,
				7809C092298F0CC200243683 /* FormViewModel.swift in Sources */,
				7809C079298F017D00243683 /* AppEntry.swift in Sources */,
				78CBB76F2994419000245AB9 /* MailView.swift in Sources */,
				7809C08D298F055700243683 /* MyImage+Extension.swift in Sources */,
			);
			runOnlyForDeploymentPostprocessing = 0;
		};
/* End PBXSourcesBuildPhase section */

/* Begin XCBuildConfiguration section */
		7809C081298F017E00243683 /* Debug */ = {
			isa = XCBuildConfiguration;
			buildSettings = {
				ALWAYS_SEARCH_USER_PATHS = NO;
				CLANG_ANALYZER_NONNULL = YES;
				CLANG_ANALYZER_NUMBER_OBJECT_CONVERSION = YES_AGGRESSIVE;
				CLANG_CXX_LANGUAGE_STANDARD = "gnu++20";
				CLANG_ENABLE_MODULES = YES;
				CLANG_ENABLE_OBJC_ARC = YES;
				CLANG_ENABLE_OBJC_WEAK = YES;
				CLANG_WARN_BLOCK_CAPTURE_AUTORELEASING = YES;
				CLANG_WARN_BOOL_CONVERSION = YES;
				CLANG_WARN_COMMA = YES;
				CLANG_WARN_CONSTANT_CONVERSION = YES;
				CLANG_WARN_DEPRECATED_OBJC_IMPLEMENTATIONS = YES;
				CLANG_WARN_DIRECT_OBJC_ISA_USAGE = YES_ERROR;
				CLANG_WARN_DOCUMENTATION_COMMENTS = YES;
				CLANG_WARN_EMPTY_BODY = YES;
				CLANG_WARN_ENUM_CONVERSION = YES;
				CLANG_WARN_INFINITE_RECURSION = YES;
				CLANG_WARN_INT_CONVERSION = YES;
				CLANG_WARN_NON_LITERAL_NULL_CONVERSION = YES;
				CLANG_WARN_OBJC_IMPLICIT_RETAIN_SELF = YES;
				CLANG_WARN_OBJC_LITERAL_CONVERSION = YES;
				CLANG_WARN_OBJC_ROOT_CLASS = YES_ERROR;
				CLANG_WARN_QUOTED_INCLUDE_IN_FRAMEWORK_HEADER = YES;
				CLANG_WARN_RANGE_LOOP_ANALYSIS = YES;
				CLANG_WARN_STRICT_PROTOTYPES = YES;
				CLANG_WARN_SUSPICIOUS_MOVE = YES;
				CLANG_WARN_UNGUARDED_AVAILABILITY = YES_AGGRESSIVE;
				CLANG_WARN_UNREACHABLE_CODE = YES;
				CLANG_WARN__DUPLICATE_METHOD_MATCH = YES;
				COPY_PHASE_STRIP = NO;
				DEBUG_INFORMATION_FORMAT = dwarf;
				ENABLE_STRICT_OBJC_MSGSEND = YES;
				ENABLE_TESTABILITY = YES;
				GCC_C_LANGUAGE_STANDARD = gnu11;
				GCC_DYNAMIC_NO_PIC = NO;
				GCC_NO_COMMON_BLOCKS = YES;
				GCC_OPTIMIZATION_LEVEL = 0;
				GCC_PREPROCESSOR_DEFINITIONS = (
					"DEBUG=1",
					"$(inherited)",
				);
				GCC_WARN_64_TO_32_BIT_CONVERSION = YES;
				GCC_WARN_ABOUT_RETURN_TYPE = YES_ERROR;
				GCC_WARN_UNDECLARED_SELECTOR = YES;
				GCC_WARN_UNINITIALIZED_AUTOS = YES_AGGRESSIVE;
				GCC_WARN_UNUSED_FUNCTION = YES;
				GCC_WARN_UNUSED_VARIABLE = YES;
				IPHONEOS_DEPLOYMENT_TARGET = 16.2;
				MTL_ENABLE_DEBUG_INFO = INCLUDE_SOURCE;
				MTL_FAST_MATH = YES;
				ONLY_ACTIVE_ARCH = YES;
				SDKROOT = iphoneos;
				SWIFT_ACTIVE_COMPILATION_CONDITIONS = DEBUG;
				SWIFT_OPTIMIZATION_LEVEL = "-Onone";
			};
			name = Debug;
		};
		7809C082298F017E00243683 /* Release */ = {
			isa = XCBuildConfiguration;
			buildSettings = {
				ALWAYS_SEARCH_USER_PATHS = NO;
				CLANG_ANALYZER_NONNULL = YES;
				CLANG_ANALYZER_NUMBER_OBJECT_CONVERSION = YES_AGGRESSIVE;
				CLANG_CXX_LANGUAGE_STANDARD = "gnu++20";
				CLANG_ENABLE_MODULES = YES;
				CLANG_ENABLE_OBJC_ARC = YES;
				CLANG_ENABLE_OBJC_WEAK = YES;
				CLANG_WARN_BLOCK_CAPTURE_AUTORELEASING = YES;
				CLANG_WARN_BOOL_CONVERSION = YES;
				CLANG_WARN_COMMA = YES;
				CLANG_WARN_CONSTANT_CONVERSION = YES;
				CLANG_WARN_DEPRECATED_OBJC_IMPLEMENTATIONS = YES;
				CLANG_WARN_DIRECT_OBJC_ISA_USAGE = YES_ERROR;
				CLANG_WARN_DOCUMENTATION_COMMENTS = YES;
				CLANG_WARN_EMPTY_BODY = YES;
				CLANG_WARN_ENUM_CONVERSION = YES;
				CLANG_WARN_INFINITE_RECURSION = YES;
				CLANG_WARN_INT_CONVERSION = YES;
				CLANG_WARN_NON_LITERAL_NULL_CONVERSION = YES;
				CLANG_WARN_OBJC_IMPLICIT_RETAIN_SELF = YES;
				CLANG_WARN_OBJC_LITERAL_CONVERSION = YES;
				CLANG_WARN_OBJC_ROOT_CLASS = YES_ERROR;
				CLANG_WARN_QUOTED_INCLUDE_IN_FRAMEWORK_HEADER = YES;
				CLANG_WARN_RANGE_LOOP_ANALYSIS = YES;
				CLANG_WARN_STRICT_PROTOTYPES = YES;
				CLANG_WARN_SUSPICIOUS_MOVE = YES;
				CLANG_WARN_UNGUARDED_AVAILABILITY = YES_AGGRESSIVE;
				CLANG_WARN_UNREACHABLE_CODE = YES;
				CLANG_WARN__DUPLICATE_METHOD_MATCH = YES;
				COPY_PHASE_STRIP = NO;
				DEBUG_INFORMATION_FORMAT = "dwarf-with-dsym";
				ENABLE_NS_ASSERTIONS = NO;
				ENABLE_STRICT_OBJC_MSGSEND = YES;
				GCC_C_LANGUAGE_STANDARD = gnu11;
				GCC_NO_COMMON_BLOCKS = YES;
				GCC_WARN_64_TO_32_BIT_CONVERSION = YES;
				GCC_WARN_ABOUT_RETURN_TYPE = YES_ERROR;
				GCC_WARN_UNDECLARED_SELECTOR = YES;
				GCC_WARN_UNINITIALIZED_AUTOS = YES_AGGRESSIVE;
				GCC_WARN_UNUSED_FUNCTION = YES;
				GCC_WARN_UNUSED_VARIABLE = YES;
				IPHONEOS_DEPLOYMENT_TARGET = 16.2;
				MTL_ENABLE_DEBUG_INFO = NO;
				MTL_FAST_MATH = YES;
				SDKROOT = iphoneos;
				SWIFT_COMPILATION_MODE = wholemodule;
				SWIFT_OPTIMIZATION_LEVEL = "-O";
				VALIDATE_PRODUCT = YES;
			};
			name = Release;
		};
		7809C084298F017E00243683 /* Debug */ = {
			isa = XCBuildConfiguration;
			buildSettings = {
				ASSETCATALOG_COMPILER_APPICON_NAME = AppIcon;
				ASSETCATALOG_COMPILER_GLOBAL_ACCENT_COLOR_NAME = AccentColor;
				CODE_SIGN_STYLE = Automatic;
				CURRENT_PROJECT_VERSION = 1;
				DEVELOPMENT_ASSET_PATHS = "\"MyImageCoreData/Preview Content\"";
				DEVELOPMENT_TEAM = CSCETSS9EC;
				ENABLE_PREVIEWS = YES;
				GENERATE_INFOPLIST_FILE = YES;
				INFOPLIST_FILE = MyImageCoreData/Info.plist;
				INFOPLIST_KEY_LSSupportsOpeningDocumentsInPlace = NO;
				INFOPLIST_KEY_UIApplicationSceneManifest_Generation = YES;
				INFOPLIST_KEY_UIApplicationSupportsIndirectInputEvents = YES;
				INFOPLIST_KEY_UILaunchScreen_Generation = YES;
				INFOPLIST_KEY_UISupportedInterfaceOrientations_iPad = "UIInterfaceOrientationPortrait UIInterfaceOrientationPortraitUpsideDown UIInterfaceOrientationLandscapeLeft UIInterfaceOrientationLandscapeRight";
				INFOPLIST_KEY_UISupportedInterfaceOrientations_iPhone = "UIInterfaceOrientationPortrait UIInterfaceOrientationLandscapeLeft UIInterfaceOrientationLandscapeRight";
				INFOPLIST_KEY_UISupportsDocumentBrowser = NO;
				LD_RUNPATH_SEARCH_PATHS = (
					"$(inherited)",
					"@executable_path/Frameworks",
				);
				MARKETING_VERSION = 1.0;
				PRODUCT_BUNDLE_IDENTIFIER = ios.boardGame.MyImageCoreData;
				PRODUCT_NAME = "$(TARGET_NAME)";
				SWIFT_EMIT_LOC_STRINGS = YES;
				SWIFT_VERSION = 5.0;
				TARGETED_DEVICE_FAMILY = "1,2";
			};
			name = Debug;
		};
		7809C085298F017E00243683 /* Release */ = {
			isa = XCBuildConfiguration;
			buildSettings = {
				ASSETCATALOG_COMPILER_APPICON_NAME = AppIcon;
				ASSETCATALOG_COMPILER_GLOBAL_ACCENT_COLOR_NAME = AccentColor;
				CODE_SIGN_STYLE = Automatic;
				CURRENT_PROJECT_VERSION = 1;
				DEVELOPMENT_ASSET_PATHS = "\"MyImageCoreData/Preview Content\"";
				DEVELOPMENT_TEAM = CSCETSS9EC;
				ENABLE_PREVIEWS = YES;
				GENERATE_INFOPLIST_FILE = YES;
				INFOPLIST_FILE = MyImageCoreData/Info.plist;
				INFOPLIST_KEY_LSSupportsOpeningDocumentsInPlace = NO;
				INFOPLIST_KEY_UIApplicationSceneManifest_Generation = YES;
				INFOPLIST_KEY_UIApplicationSupportsIndirectInputEvents = YES;
				INFOPLIST_KEY_UILaunchScreen_Generation = YES;
				INFOPLIST_KEY_UISupportedInterfaceOrientations_iPad = "UIInterfaceOrientationPortrait UIInterfaceOrientationPortraitUpsideDown UIInterfaceOrientationLandscapeLeft UIInterfaceOrientationLandscapeRight";
				INFOPLIST_KEY_UISupportedInterfaceOrientations_iPhone = "UIInterfaceOrientationPortrait UIInterfaceOrientationLandscapeLeft UIInterfaceOrientationLandscapeRight";
				INFOPLIST_KEY_UISupportsDocumentBrowser = NO;
				LD_RUNPATH_SEARCH_PATHS = (
					"$(inherited)",
					"@executable_path/Frameworks",
				);
				MARKETING_VERSION = 1.0;
				PRODUCT_BUNDLE_IDENTIFIER = ios.boardGame.MyImageCoreData;
				PRODUCT_NAME = "$(TARGET_NAME)";
				SWIFT_EMIT_LOC_STRINGS = YES;
				SWIFT_VERSION = 5.0;
				TARGETED_DEVICE_FAMILY = "1,2";
			};
			name = Release;
		};
/* End XCBuildConfiguration section */

/* Begin XCConfigurationList section */
		7809C070298F017D00243683 /* Build configuration list for PBXProject "MyImageCoreData" */ = {
			isa = XCConfigurationList;
			buildConfigurations = (
				7809C081298F017E00243683 /* Debug */,
				7809C082298F017E00243683 /* Release */,
			);
			defaultConfigurationIsVisible = 0;
			defaultConfigurationName = Release;
		};
		7809C083298F017E00243683 /* Build configuration list for PBXNativeTarget "MyImageCoreData" */ = {
			isa = XCConfigurationList;
			buildConfigurations = (
				7809C084298F017E00243683 /* Debug */,
				7809C085298F017E00243683 /* Release */,
			);
			defaultConfigurationIsVisible = 0;
			defaultConfigurationName = Release;
		};
/* End XCConfigurationList section */

/* Begin XCRemoteSwiftPackageReference section */
		78CBB76829919C1B00245AB9 /* XCRemoteSwiftPackageReference "ZIPFoundation" */ = {
			isa = XCRemoteSwiftPackageReference;
			repositoryURL = "https://github.com/weichsel/ZIPFoundation.git";
			requirement = {
				kind = upToNextMajorVersion;
				minimumVersion = 0.9.9;
			};
		};
/* End XCRemoteSwiftPackageReference section */

/* Begin XCSwiftPackageProductDependency section */
		78CBB76929919C1B00245AB9 /* ZIPFoundation */ = {
			isa = XCSwiftPackageProductDependency;
			package = 78CBB76829919C1B00245AB9 /* XCRemoteSwiftPackageReference "ZIPFoundation" */;
			productName = ZIPFoundation;
		};
/* End XCSwiftPackageProductDependency section */

/* Begin XCVersionGroup section */
		7809C087298F02E500243683 /* MyImagesDataModel.xcdatamodeld */ = {
			isa = XCVersionGroup;
			children = (
				7809C088298F02E500243683 /* MyImagesDataModel.xcdatamodel */,
			);
			currentVersion = 7809C088298F02E500243683 /* MyImagesDataModel.xcdatamodel */;
			path = MyImagesDataModel.xcdatamodeld;
			sourceTree = "<group>";
			versionGroupType = wrapper.xcdatamodel;
		};
/* End XCVersionGroup section */
	};
	rootObject = 7809C06D298F017D00243683 /* Project object */;
}
